
Microsoft Visual Studio Solution File, Format Version 12.00
# Visual Studio Version 17
VisualStudioVersion = 17.11.35327.3
MinimumVisualStudioVersion = 10.0.40219.1
Project("{FAE04EC0-301F-11D3-BF4B-00C04F79EFBC}") = "Cental.EntityLayer", "Cental.EntityLayer\Cental.EntityLayer.csproj", "{4F6CFBE9-CFFC-4E1D-A241-1983D5DEBE0D}"
EndProject
Project("{FAE04EC0-301F-11D3-BF4B-00C04F79EFBC}") = "Cental.DataAccessLayer", "Cental.DataAccessLayer\Cental.DataAccessLayer.csproj", "{27C4AFC9-43B5-4385-B6B2-C26A32ED2258}"
EndProject
Project("{FAE04EC0-301F-11D3-BF4B-00C04F79EFBC}") = "Cental.BusinessLayer", "Cental.BusinessLayer\Cental.BusinessLayer.csproj", "{AD980A39-AF0B-4912-8EF2-C11F96CCCEC3}"
EndProject
Project("{FAE04EC0-301F-11D3-BF4B-00C04F79EFBC}") = "Cental.DtoLayer", "Cental.DtoLayer\Cental.DtoLayer.csproj", "{05463027-7D76-4610-AA19-E0F1AB3AE6B5}"
EndProject
Project("{FAE04EC0-301F-11D3-BF4B-00C04F79EFBC}") = "Cental.WebUI", "Cental.WebUI\Cental.WebUI.csproj", "{4F01EC0E-20F5-4502-862F-67D8D91BCCBE}"
EndProject
Global
	GlobalSection(SolutionConfigurationPlatforms) = preSolution
		Debug|Any CPU = Debug|Any CPU
		Release|Any CPU = Release|Any CPU
	EndGlobalSection
	GlobalSection(ProjectConfigurationPlatforms) = postSolution
		{4F6CFBE9-CFFC-4E1D-A241-1983D5DEBE0D}.Debug|Any CPU.ActiveCfg = Debug|Any CPU
		{4F6CFBE9-CFFC-4E1D-A241-1983D5DEBE0D}.Debug|Any CPU.Build.0 = Debug|Any CPU
		{4F6CFBE9-CFFC-4E1D-A241-1983D5DEBE0D}.Release|Any CPU.ActiveCfg = Release|Any CPU
		{4F6CFBE9-CFFC-4E1D-A241-1983D5DEBE0D}.Release|Any CPU.Build.0 = Release|Any CPU
		{27C4AFC9-43B5-4385-B6B2-C26A32ED2258}.Debug|Any CPU.ActiveCfg = Debug|Any CPU
		{27C4AFC9-43B5-4385-B6B2-C26A32ED2258}.Debug|Any CPU.Build.0 = Debug|Any CPU
		{27C4AFC9-43B5-4385-B6B2-C26A32ED2258}.Release|Any CPU.ActiveCfg = Release|Any CPU
		{27C4AFC9-43B5-4385-B6B2-C26A32ED2258}.Release|Any CPU.Build.0 = Release|Any CPU
		{AD980A39-AF0B-4912-8EF2-C11F96CCCEC3}.Debug|Any CPU.ActiveCfg = Debug|Any CPU
		{AD980A39-AF0B-4912-8EF2-C11F96CCCEC3}.Debug|Any CPU.Build.0 = Debug|Any CPU
		{AD980A39-AF0B-4912-8EF2-C11F96CCCEC3}.Release|Any CPU.ActiveCfg = Release|Any CPU
		{AD980A39-AF0B-4912-8EF2-C11F96CCCEC3}.Release|Any CPU.Build.0 = Release|Any CPU
		{05463027-7D76-4610-AA19-E0F1AB3AE6B5}.Debug|Any CPU.ActiveCfg = Debug|Any CPU
		{05463027-7D76-4610-AA19-E0F1AB3AE6B5}.Debug|Any CPU.Build.0 = Debug|Any CPU
		{05463027-7D76-4610-AA19-E0F1AB3AE6B5}.Release|Any CPU.ActiveCfg = Release|Any CPU
		{05463027-7D76-4610-AA19-E0F1AB3AE6B5}.Release|Any CPU.Build.0 = Release|Any CPU
		{4F01EC0E-20F5-4502-862F-67D8D91BCCBE}.Debug|Any CPU.ActiveCfg = Debug|Any CPU
		{4F01EC0E-20F5-4502-862F-67D8D91BCCBE}.Debug|Any CPU.Build.0 = Debug|Any CPU
		{4F01EC0E-20F5-4502-862F-67D8D91BCCBE}.Release|Any CPU.ActiveCfg = Release|Any CPU
		{4F01EC0E-20F5-4502-862F-67D8D91BCCBE}.Release|Any CPU.Build.0 = Release|Any CPU
	EndGlobalSection
	GlobalSection(SolutionProperties) = preSolution
		HideSolutionNode = FALSE
	EndGlobalSection
	GlobalSection(ExtensibilityGlobals) = postSolution
		SolutionGuid = {1B3B3029-8374-448F-A01F-9468A5A5C475}
	EndGlobalSection
EndGlobal
